// !$*UTF8*$!
{
	archiveVersion = 1;
	classes = {
	};
	objectVersion = 50;
	objects = {

/* Begin PBXBuildFile section */
		8413E29A225F8071003E59E4 /* CommentCell.swift in Sources */ = {isa = PBXBuildFile; fileRef = 8413E299225F8071003E59E4 /* CommentCell.swift */; };
		8413E29C225F817E003E59E4 /* Comment.swift in Sources */ = {isa = PBXBuildFile; fileRef = 8413E29B225F817E003E59E4 /* Comment.swift */; };
		849AB86F225E600D0047CCF7 /* AppDelegate.swift in Sources */ = {isa = PBXBuildFile; fileRef = 849AB86E225E600D0047CCF7 /* AppDelegate.swift */; };
		849AB871225E600D0047CCF7 /* ViewController.swift in Sources */ = {isa = PBXBuildFile; fileRef = 849AB870225E600D0047CCF7 /* ViewController.swift */; };
		849AB874225E600D0047CCF7 /* Main.storyboard in Resources */ = {isa = PBXBuildFile; fileRef = 849AB872225E600D0047CCF7 /* Main.storyboard */; };
		849AB876225E601C0047CCF7 /* Assets.xcassets in Resources */ = {isa = PBXBuildFile; fileRef = 849AB875225E601C0047CCF7 /* Assets.xcassets */; };
		849AB879225E601C0047CCF7 /* LaunchScreen.storyboard in Resources */ = {isa = PBXBuildFile; fileRef = 849AB877225E601C0047CCF7 /* LaunchScreen.storyboard */; };
/* End PBXBuildFile section */

/* Begin PBXFileReference section */
		8413E299225F8071003E59E4 /* CommentCell.swift */ = {isa = PBXFileReference; lastKnownFileType = sourcecode.swift; path = CommentCell.swift; sourceTree = "<group>"; };
		8413E29B225F817E003E59E4 /* Comment.swift */ = {isa = PBXFileReference; lastKnownFileType = sourcecode.swift; path = Comment.swift; sourceTree = "<group>"; };
		849AB86B225E600D0047CCF7 /* MVC-N.app */ = {isa = PBXFileReference; explicitFileType = wrapper.application; includeInIndex = 0; path = "MVC-N.app"; sourceTree = BUILT_PRODUCTS_DIR; };
		849AB86E225E600D0047CCF7 /* AppDelegate.swift */ = {isa = PBXFileReference; lastKnownFileType = sourcecode.swift; path = AppDelegate.swift; sourceTree = "<group>"; };
		849AB870225E600D0047CCF7 /* ViewController.swift */ = {isa = PBXFileReference; lastKnownFileType = sourcecode.swift; path = ViewController.swift; sourceTree = "<group>"; };
		849AB873225E600D0047CCF7 /* Base */ = {isa = PBXFileReference; lastKnownFileType = file.storyboard; name = Base; path = Base.lproj/Main.storyboard; sourceTree = "<group>"; };
		849AB875225E601C0047CCF7 /* Assets.xcassets */ = {isa = PBXFileReference; lastKnownFileType = folder.assetcatalog; path = Assets.xcassets; sourceTree = "<group>"; };
		849AB878225E601C0047CCF7 /* Base */ = {isa = PBXFileReference; lastKnownFileType = file.storyboard; name = Base; path = Base.lproj/LaunchScreen.storyboard; sourceTree = "<group>"; };
		849AB87A225E601C0047CCF7 /* Info.plist */ = {isa = PBXFileReference; lastKnownFileType = text.plist.xml; path = Info.plist; sourceTree = "<group>"; };
/* End PBXFileReference section */

/* Begin PBXFrameworksBuildPhase section */
		849AB868225E600D0047CCF7 /* Frameworks */ = {
			isa = PBXFrameworksBuildPhase;
			buildActionMask = 2147483647;
			files = (
			);
			runOnlyForDeploymentPostprocessing = 0;
		};
/* End PBXFrameworksBuildPhase section */

/* Begin PBXGroup section */
		8413E294225F7C38003E59E4 /* Comments */ = {
			isa = PBXGroup;
			children = (
				8413E297225F7CC5003E59E4 /* Model */,
				8413E296225F7CBC003E59E4 /* View */,
				8413E295225F7CA5003E59E4 /* Controller */,
			);
			path = Comments;
			sourceTree = "<group>";
		};
		8413E295225F7CA5003E59E4 /* Controller */ = {
			isa = PBXGroup;
			children = (
				849AB870225E600D0047CCF7 /* ViewController.swift */,
			);
			path = Controller;
			sourceTree = "<group>";
		};
		8413E296225F7CBC003E59E4 /* View */ = {
			isa = PBXGroup;
			children = (
				849AB872225E600D0047CCF7 /* Main.storyboard */,
				8413E299225F8071003E59E4 /* CommentCell.swift */,
			);
			path = View;
			sourceTree = "<group>";
		};
		8413E297225F7CC5003E59E4 /* Model */ = {
			isa = PBXGroup;
			children = (
				8413E29B225F817E003E59E4 /* Comment.swift */,
			);
			path = Model;
			sourceTree = "<group>";
		};
		8413E298225F7D05003E59E4 /* Supporting Files */ = {
			isa = PBXGroup;
			children = (
				849AB875225E601C0047CCF7 /* Assets.xcassets */,
				849AB87A225E601C0047CCF7 /* Info.plist */,
			);
			path = "Supporting Files";
			sourceTree = "<group>";
		};
		849AB862225E600D0047CCF7 = {
			isa = PBXGroup;
			children = (
				849AB86D225E600D0047CCF7 /* MVC-N */,
				849AB86C225E600D0047CCF7 /* Products */,
			);
			sourceTree = "<group>";
		};
		849AB86C225E600D0047CCF7 /* Products */ = {
			isa = PBXGroup;
			children = (
				849AB86B225E600D0047CCF7 /* MVC-N.app */,
			);
			name = Products;
			sourceTree = "<group>";
		};
		849AB86D225E600D0047CCF7 /* MVC-N */ = {
			isa = PBXGroup;
			children = (
				8413E294225F7C38003E59E4 /* Comments */,
				849AB883225E622E0047CCF7 /* Application */,
				8413E298225F7D05003E59E4 /* Supporting Files */,
			);
			path = "MVC-N";
			sourceTree = "<group>";
		};
		849AB880225E620A0047CCF7 /* Model */ = {
			isa = PBXGroup;
			children = (
			);
			path = Model;
			sourceTree = "<group>";
		};
		849AB881225E62180047CCF7 /* View */ = {
			isa = PBXGroup;
			children = (
				849AB877225E601C0047CCF7 /* LaunchScreen.storyboard */,
			);
			path = View;
			sourceTree = "<group>";
		};
		849AB882225E62200047CCF7 /* Controller */ = {
			isa = PBXGroup;
			children = (
				849AB86E225E600D0047CCF7 /* AppDelegate.swift */,
			);
			path = Controller;
			sourceTree = "<group>";
		};
		849AB883225E622E0047CCF7 /* Application */ = {
			isa = PBXGroup;
			children = (
				849AB882225E62200047CCF7 /* Controller */,
				849AB881225E62180047CCF7 /* View */,
				849AB880225E620A0047CCF7 /* Model */,
			);
			path = Application;
			sourceTree = "<group>";
		};
/* End PBXGroup section */

/* Begin PBXNativeTarget section */
		849AB86A225E600D0047CCF7 /* MVC-N */ = {
			isa = PBXNativeTarget;
			buildConfigurationList = 849AB87D225E601C0047CCF7 /* Build configuration list for PBXNativeTarget "MVC-N" */;
			buildPhases = (
				849AB867225E600D0047CCF7 /* Sources */,
				849AB868225E600D0047CCF7 /* Frameworks */,
				849AB869225E600D0047CCF7 /* Resources */,
			);
			buildRules = (
			);
			dependencies = (
			);
			name = "MVC-N";
			productName = "MVC-N";
			productReference = 849AB86B225E600D0047CCF7 /* MVC-N.app */;
			productType = "com.apple.product-type.application";
		};
/* End PBXNativeTarget section */

/* Begin PBXProject section */
		849AB863225E600D0047CCF7 /* Project object */ = {
			isa = PBXProject;
			attributes = {
				LastSwiftUpdateCheck = 1020;
				LastUpgradeCheck = 1020;
				ORGANIZATIONNAME = Admin;
				TargetAttributes = {
					849AB86A225E600D0047CCF7 = {
						CreatedOnToolsVersion = 10.2;
					};
				};
			};
			buildConfigurationList = 849AB866225E600D0047CCF7 /* Build configuration list for PBXProject "MVC-N" */;
			compatibilityVersion = "Xcode 9.3";
			developmentRegion = en;
			hasScannedForEncodings = 0;
			knownRegions = (
				en,
				Base,
			);
			mainGroup = 849AB862225E600D0047CCF7;
			productRefGroup = 849AB86C225E600D0047CCF7 /* Products */;
			projectDirPath = "";
			projectRoot = "";
			targets = (
				849AB86A225E600D0047CCF7 /* MVC-N */,
			);
		};
/* End PBXProject section */

/* Begin PBXResourcesBuildPhase section */
		849AB869225E600D0047CCF7 /* Resources */ = {
			isa = PBXResourcesBuildPhase;
			buildActionMask = 2147483647;
			files = (
				849AB879225E601C0047CCF7 /* LaunchScreen.storyboard in Resources */,
				849AB876225E601C0047CCF7 /* Assets.xcassets in Resources */,
				849AB874225E600D0047CCF7 /* Main.storyboard in Resources */,
			);
			runOnlyForDeploymentPostprocessing = 0;
		};
/* End PBXResourcesBuildPhase section */

/* Begin PBXSourcesBuildPhase section */
		849AB867225E600D0047CCF7 /* Sources */ = {
			isa = PBXSourcesBuildPhase;
			buildActionMask = 2147483647;
			files = (
				849AB871225E600D0047CCF7 /* ViewController.swift in Sources */,
				849AB86F225E600D0047CCF7 /* AppDelegate.swift in Sources */,
				8413E29A225F8071003E59E4 /* CommentCell.swift in Sources */,
				8413E29C225F817E003E59E4 /* Comment.swift in Sources */,
			);
			runOnlyForDeploymentPostprocessing = 0;
		};
/* End PBXSourcesBuildPhase section */

/* Begin PBXVariantGroup section */
		849AB872225E600D0047CCF7 /* Main.storyboard */ = {
			isa = PBXVariantGroup;
			children = (
				849AB873225E600D0047CCF7 /* Base */,
			);
			name = Main.storyboard;
			sourceTree = "<group>";
		};
		849AB877225E601C0047CCF7 /* LaunchScreen.storyboard */ = {
			isa = PBXVariantGroup;
			children = (
				849AB878225E601C0047CCF7 /* Base */,
			);
			name = LaunchScreen.storyboard;
			sourceTree = "<group>";
		};
/* End PBXVariantGroup section */

/* Begin XCBuildConfiguration section */
		849AB87B225E601C0047CCF7 /* Debug */ = {
			isa = XCBuildConfiguration;
			buildSettings = {
				ALWAYS_SEARCH_USER_PATHS = NO;
				CLANG_ANALYZER_NONNULL = YES;
				CLANG_ANALYZER_NUMBER_OBJECT_CONVERSION = YES_AGGRESSIVE;
				CLANG_CXX_LANGUAGE_STANDARD = "gnu++14";
				CLANG_CXX_LIBRARY = "libc++";
				CLANG_ENABLE_MODULES = YES;
				CLANG_ENABLE_OBJC_ARC = YES;
				CLANG_ENABLE_OBJC_WEAK = YES;
				CLANG_WARN_BLOCK_CAPTURE_AUTORELEASING = YES;
				CLANG_WARN_BOOL_CONVERSION = YES;
				CLANG_WARN_COMMA = YES;
				CLANG_WARN_CONSTANT_CONVERSION = YES;
				CLANG_WARN_DEPRECATED_OBJC_IMPLEMENTATIONS = YES;
				CLANG_WARN_DIRECT_OBJC_ISA_USAGE = YES_ERROR;
				CLANG_WARN_DOCUMENTATION_COMMENTS = YES;
				CLANG_WARN_EMPTY_BODY = YES;
				CLANG_WARN_ENUM_CONVERSION = YES;
				CLANG_WARN_INFINITE_RECURSION = YES;
				CLANG_WARN_INT_CONVERSION = YES;
				CLANG_WARN_NON_LITERAL_NULL_CONVERSION = YES;
				CLANG_WARN_OBJC_IMPLICIT_RETAIN_SELF = YES;
				CLANG_WARN_OBJC_LITERAL_CONVERSION = YES;
				CLANG_WARN_OBJC_ROOT_CLASS = YES_ERROR;
				CLANG_WARN_RANGE_LOOP_ANALYSIS = YES;
				CLANG_WARN_STRICT_PROTOTYPES = YES;
				CLANG_WARN_SUSPICIOUS_MOVE = YES;
				CLANG_WARN_UNGUARDED_AVAILABILITY = YES_AGGRESSIVE;
				CLANG_WARN_UNREACHABLE_CODE = YES;
				CLANG_WARN__DUPLICATE_METHOD_MATCH = YES;
				CODE_SIGN_IDENTITY = "iPhone Developer";
				COPY_PHASE_STRIP = NO;
				DEBUG_INFORMATION_FORMAT = dwarf;
				ENABLE_STRICT_OBJC_MSGSEND = YES;
				ENABLE_TESTABILITY = YES;
				GCC_C_LANGUAGE_STANDARD = gnu11;
				GCC_DYNAMIC_NO_PIC = NO;
				GCC_NO_COMMON_BLOCKS = YES;
				GCC_OPTIMIZATION_LEVEL = 0;
				GCC_PREPROCESSOR_DEFINITIONS = (
					"DEBUG=1",
					"$(inherited)",
				);
				GCC_WARN_64_TO_32_BIT_CONVERSION = YES;
				GCC_WARN_ABOUT_RETURN_TYPE = YES_ERROR;
				GCC_WARN_UNDECLARED_SELECTOR = YES;
				GCC_WARN_UNINITIALIZED_AUTOS = YES_AGGRESSIVE;
				GCC_WARN_UNUSED_FUNCTION = YES;
				GCC_WARN_UNUSED_VARIABLE = YES;
				IPHONEOS_DEPLOYMENT_TARGET = 12.2;
				MTL_ENABLE_DEBUG_INFO = INCLUDE_SOURCE;
				MTL_FAST_MATH = YES;
				ONLY_ACTIVE_ARCH = YES;
				SDKROOT = iphoneos;
				SWIFT_ACTIVE_COMPILATION_CONDITIONS = DEBUG;
				SWIFT_OPTIMIZATION_LEVEL = "-Onone";
			};
			name = Debug;
		};
		849AB87C225E601C0047CCF7 /* Release */ = {
			isa = XCBuildConfiguration;
			buildSettings = {
				ALWAYS_SEARCH_USER_PATHS = NO;
				CLANG_ANALYZER_NONNULL = YES;
				CLANG_ANALYZER_NUMBER_OBJECT_CONVERSION = YES_AGGRESSIVE;
				CLANG_CXX_LANGUAGE_STANDARD = "gnu++14";
				CLANG_CXX_LIBRARY = "libc++";
				CLANG_ENABLE_MODULES = YES;
				CLANG_ENABLE_OBJC_ARC = YES;
				CLANG_ENABLE_OBJC_WEAK = YES;
				CLANG_WARN_BLOCK_CAPTURE_AUTORELEASING = YES;
				CLANG_WARN_BOOL_CONVERSION = YES;
				CLANG_WARN_COMMA = YES;
				CLANG_WARN_CONSTANT_CONVERSION = YES;
				CLANG_WARN_DEPRECATED_OBJC_IMPLEMENTATIONS = YES;
				CLANG_WARN_DIRECT_OBJC_ISA_USAGE = YES_ERROR;
				CLANG_WARN_DOCUMENTATION_COMMENTS = YES;
				CLANG_WARN_EMPTY_BODY = YES;
				CLANG_WARN_ENUM_CONVERSION = YES;
				CLANG_WARN_INFINITE_RECURSION = YES;
				CLANG_WARN_INT_CONVERSION = YES;
				CLANG_WARN_NON_LITERAL_NULL_CONVERSION = YES;
				CLANG_WARN_OBJC_IMPLICIT_RETAIN_SELF = YES;
				CLANG_WARN_OBJC_LITERAL_CONVERSION = YES;
				CLANG_WARN_OBJC_ROOT_CLASS = YES_ERROR;
				CLANG_WARN_RANGE_LOOP_ANALYSIS = YES;
				CLANG_WARN_STRICT_PROTOTYPES = YES;
				CLANG_WARN_SUSPICIOUS_MOVE = YES;
				CLANG_WARN_UNGUARDED_AVAILABILITY = YES_AGGRESSIVE;
				CLANG_WARN_UNREACHABLE_CODE = YES;
				CLANG_WARN__DUPLICATE_METHOD_MATCH = YES;
				CODE_SIGN_IDENTITY = "iPhone Developer";
				COPY_PHASE_STRIP = NO;
				DEBUG_INFORMATION_FORMAT = "dwarf-with-dsym";
				ENABLE_NS_ASSERTIONS = NO;
				ENABLE_STRICT_OBJC_MSGSEND = YES;
				GCC_C_LANGUAGE_STANDARD = gnu11;
				GCC_NO_COMMON_BLOCKS = YES;
				GCC_WARN_64_TO_32_BIT_CONVERSION = YES;
				GCC_WARN_ABOUT_RETURN_TYPE = YES_ERROR;
				GCC_WARN_UNDECLARED_SELECTOR = YES;
				GCC_WARN_UNINITIALIZED_AUTOS = YES_AGGRESSIVE;
				GCC_WARN_UNUSED_FUNCTION = YES;
				GCC_WARN_UNUSED_VARIABLE = YES;
				IPHONEOS_DEPLOYMENT_TARGET = 12.2;
				MTL_ENABLE_DEBUG_INFO = NO;
				MTL_FAST_MATH = YES;
				SDKROOT = iphoneos;
				SWIFT_COMPILATION_MODE = wholemodule;
				SWIFT_OPTIMIZATION_LEVEL = "-O";
				VALIDATE_PRODUCT = YES;
			};
			name = Release;
		};
		849AB87E225E601C0047CCF7 /* Debug */ = {
			isa = XCBuildConfiguration;
			buildSettings = {
				ASSETCATALOG_COMPILER_APPICON_NAME = AppIcon;
				CODE_SIGN_STYLE = Automatic;
				DEVELOPMENT_TEAM = YR78UHPG2L;
				INFOPLIST_FILE = "$(SRCROOT)/MVC-N/Supporting Files/Info.plist";
				LD_RUNPATH_SEARCH_PATHS = (
					"$(inherited)",
					"@executable_path/Frameworks",
				);
				PRODUCT_BUNDLE_IDENTIFIER = "hulkCrush.MVC-N";
				PRODUCT_NAME = "$(TARGET_NAME)";
				SWIFT_VERSION = 5.0;
				TARGETED_DEVICE_FAMILY = "1,2";
			};
			name = Debug;
		};
		849AB87F225E601C0047CCF7 /* Release */ = {
			isa = XCBuildConfiguration;
			buildSettings = {
				ASSETCATALOG_COMPILER_APPICON_NAME = AppIcon;
				CODE_SIGN_STYLE = Automatic;
				DEVELOPMENT_TEAM = YR78UHPG2L;
				INFOPLIST_FILE = "$(SRCROOT)/MVC-N/Supporting Files/Info.plist";
				LD_RUNPATH_SEARCH_PATHS = (
					"$(inherited)",
					"@executable_path/Frameworks",
				);
				PRODUCT_BUNDLE_IDENTIFIER = "hulkCrush.MVC-N";
				PRODUCT_NAME = "$(TARGET_NAME)";
				SWIFT_VERSION = 5.0;
				TARGETED_DEVICE_FAMILY = "1,2";
			};
			name = Release;
		};
/* End XCBuildConfiguration section */

/* Begin XCConfigurationList section */
		849AB866225E600D0047CCF7 /* Build configuration list for PBXProject "MVC-N" */ = {
			isa = XCConfigurationList;
			buildConfigurations = (
				849AB87B225E601C0047CCF7 /* Debug */,
				849AB87C225E601C0047CCF7 /* Release */,
			);
			defaultConfigurationIsVisible = 0;
			defaultConfigurationName = Release;
		};
		849AB87D225E601C0047CCF7 /* Build configuration list for PBXNativeTarget "MVC-N" */ = {
			isa = XCConfigurationList;
			buildConfigurations = (
				849AB87E225E601C0047CCF7 /* Debug */,
				849AB87F225E601C0047CCF7 /* Release */,
			);
			defaultConfigurationIsVisible = 0;
			defaultConfigurationName = Release;
		};
/* End XCConfigurationList section */
	};
	rootObject = 849AB863225E600D0047CCF7 /* Project object */;
}
